
Microsoft Visual Studio Solution File, Format Version 12.00
Project("{FAE04EC0-301F-11D3-BF4B-00C04F79EFBC}") = "Monzowler.Core", "src\Monzowler.Core\Monzowler.Core.csproj", "{B455D4F8-CF6E-4B03-9191-A3E731E09D41}"
EndProject
Project("{2150E333-8FDC-42A3-9474-1A3956D46DE8}") = "Solution Items", "Solution Items", "{22E31CCB-6644-4B4E-8E35-ACE2E21DDF13}"
	ProjectSection(SolutionItems) = preProject
		docker-compose.yaml = docker-compose.yaml
	EndProjectSection
EndProject
Project("{FAE04EC0-301F-11D3-BF4B-00C04F79EFBC}") = "Monzowler.HttpClient", "src\Monzowler.HttpClient\Monzowler.HttpClient.csproj", "{3A4F2EAE-AC7A-43BA-A006-EFDA2B7386FD}"
EndProject
Project("{FAE04EC0-301F-11D3-BF4B-00C04F79EFBC}") = "Monzowler.Persistence", "src\Monzowler.Persistence\Monzowler.Persistence.csproj", "{31B5561F-2446-4B82-8E8B-E1A56C6D3173}"
EndProject
Project("{FAE04EC0-301F-11D3-BF4B-00C04F79EFBC}") = "Monzowler.Unittest", "test\Monzowler.Unittest\Monzowler.Unittest.csproj", "{BBC0053F-5D00-4187-9C83-365CC6D28990}"
EndProject
Project("{FAE04EC0-301F-11D3-BF4B-00C04F79EFBC}") = "Monzowler.IntegrationTest", "test\Monzowler.IntegrationTest\Monzowler.IntegrationTest.csproj", "{2ACCDB45-24F7-443E-830F-94CCA2616A0D}"
EndProject
Project("{FAE04EC0-301F-11D3-BF4B-00C04F79EFBC}") = "Monzowler.Api", "src\Monzowler.Api\Monzowler.Api.csproj", "{01802474-E65F-4DE8-8070-F667F5B470D3}"
EndProject
Global
	GlobalSection(SolutionConfigurationPlatforms) = preSolution
		Debug|Any CPU = Debug|Any CPU
		Release|Any CPU = Release|Any CPU
	EndGlobalSection
	GlobalSection(ProjectConfigurationPlatforms) = postSolution
		{B455D4F8-CF6E-4B03-9191-A3E731E09D41}.Debug|Any CPU.ActiveCfg = Debug|Any CPU
		{B455D4F8-CF6E-4B03-9191-A3E731E09D41}.Debug|Any CPU.Build.0 = Debug|Any CPU
		{B455D4F8-CF6E-4B03-9191-A3E731E09D41}.Release|Any CPU.ActiveCfg = Release|Any CPU
		{B455D4F8-CF6E-4B03-9191-A3E731E09D41}.Release|Any CPU.Build.0 = Release|Any CPU
		{3A4F2EAE-AC7A-43BA-A006-EFDA2B7386FD}.Debug|Any CPU.ActiveCfg = Debug|Any CPU
		{3A4F2EAE-AC7A-43BA-A006-EFDA2B7386FD}.Debug|Any CPU.Build.0 = Debug|Any CPU
		{3A4F2EAE-AC7A-43BA-A006-EFDA2B7386FD}.Release|Any CPU.ActiveCfg = Release|Any CPU
		{3A4F2EAE-AC7A-43BA-A006-EFDA2B7386FD}.Release|Any CPU.Build.0 = Release|Any CPU
		{31B5561F-2446-4B82-8E8B-E1A56C6D3173}.Debug|Any CPU.ActiveCfg = Debug|Any CPU
		{31B5561F-2446-4B82-8E8B-E1A56C6D3173}.Debug|Any CPU.Build.0 = Debug|Any CPU
		{31B5561F-2446-4B82-8E8B-E1A56C6D3173}.Release|Any CPU.ActiveCfg = Release|Any CPU
		{31B5561F-2446-4B82-8E8B-E1A56C6D3173}.Release|Any CPU.Build.0 = Release|Any CPU
		{BBC0053F-5D00-4187-9C83-365CC6D28990}.Debug|Any CPU.ActiveCfg = Debug|Any CPU
		{BBC0053F-5D00-4187-9C83-365CC6D28990}.Debug|Any CPU.Build.0 = Debug|Any CPU
		{BBC0053F-5D00-4187-9C83-365CC6D28990}.Release|Any CPU.ActiveCfg = Release|Any CPU
		{BBC0053F-5D00-4187-9C83-365CC6D28990}.Release|Any CPU.Build.0 = Release|Any CPU
		{2ACCDB45-24F7-443E-830F-94CCA2616A0D}.Debug|Any CPU.ActiveCfg = Debug|Any CPU
		{2ACCDB45-24F7-443E-830F-94CCA2616A0D}.Debug|Any CPU.Build.0 = Debug|Any CPU
		{2ACCDB45-24F7-443E-830F-94CCA2616A0D}.Release|Any CPU.ActiveCfg = Release|Any CPU
		{2ACCDB45-24F7-443E-830F-94CCA2616A0D}.Release|Any CPU.Build.0 = Release|Any CPU
		{01802474-E65F-4DE8-8070-F667F5B470D3}.Debug|Any CPU.ActiveCfg = Debug|Any CPU
		{01802474-E65F-4DE8-8070-F667F5B470D3}.Debug|Any CPU.Build.0 = Debug|Any CPU
		{01802474-E65F-4DE8-8070-F667F5B470D3}.Release|Any CPU.ActiveCfg = Release|Any CPU
		{01802474-E65F-4DE8-8070-F667F5B470D3}.Release|Any CPU.Build.0 = Release|Any CPU
	EndGlobalSection
EndGlobal
